// !$*UTF8*$!
{
	archiveVersion = 1;
	classes = {
	};
	objectVersion = 46;
	objects = {

/* Begin PBXBuildFile section */
		5F03F6421ABC50E6009DBFA3 /* libcurl.a in Frameworks */ = {isa = PBXBuildFile; fileRef = 5F03F6411ABC50E6009DBFA3 /* libcurl.a */; };
		5F03F6431ABC50E6009DBFA3 /* libcurl.a in Frameworks */ = {isa = PBXBuildFile; fileRef = 5F03F6411ABC50E6009DBFA3 /* libcurl.a */; };
		5F03F6451ABC510A009DBFA3 /* libz.dylib in Frameworks */ = {isa = PBXBuildFile; fileRef = 5F03F6441ABC510A009DBFA3 /* libz.dylib */; };
		5F03F6471ABC5111009DBFA3 /* Security.framework in Frameworks */ = {isa = PBXBuildFile; fileRef = 5F03F6461ABC5111009DBFA3 /* Security.framework */; };
		5F03F64C1ABC51AB009DBFA3 /* smtp-multi.c in Sources */ = {isa = PBXBuildFile; fileRef = 5F03F64B1ABC51AB009DBFA3 /* smtp-multi.c */; };
		5F03F64D1ABC51AB009DBFA3 /* smtp-multi.c in Sources */ = {isa = PBXBuildFile; fileRef = 5F03F64B1ABC51AB009DBFA3 /* smtp-multi.c */; };
		5F03F64F1ABC522B009DBFA3 /* Security.framework in Frameworks */ = {isa = PBXBuildFile; fileRef = 5F03F6461ABC5111009DBFA3 /* Security.framework */; };
		5F03F6501ABC5231009DBFA3 /* libz.dylib in Frameworks */ = {isa = PBXBuildFile; fileRef = 5F03F6441ABC510A009DBFA3 /* libz.dylib */; };
		5F03F65D1ABC615F009DBFA3 /* libcurl.a in Frameworks */ = {isa = PBXBuildFile; fileRef = 5F03F65C1ABC615F009DBFA3 /* libcurl.a */; };
		5F03F65E1ABC615F009DBFA3 /* libcurl.a in Frameworks */ = {isa = PBXBuildFile; fileRef = 5F03F65C1ABC615F009DBFA3 /* libcurl.a */; };
		5F331D611ABB16370027C655 /* AppDelegate.m in Sources */ = {isa = PBXBuildFile; fileRef = 5F331D601ABB16370027C655 /* AppDelegate.m */; };
		5F331D631ABB16370027C655 /* main.m in Sources */ = {isa = PBXBuildFile; fileRef = 5F331D621ABB16370027C655 /* main.m */; };
		5F331D661ABB16370027C655 /* ViewController.m in Sources */ = {isa = PBXBuildFile; fileRef = 5F331D651ABB16370027C655 /* ViewController.m */; };
		5F331D681ABB16370027C655 /* Images.xcassets in Resources */ = {isa = PBXBuildFile; fileRef = 5F331D671ABB16370027C655 /* Images.xcassets */; };
		5F331D6B1ABB16370027C655 /* Main.storyboard in Resources */ = {isa = PBXBuildFile; fileRef = 5F331D691ABB16370027C655 /* Main.storyboard */; };
		5F331D771ABB16370027C655 /* KeyloggerTests.m in Sources */ = {isa = PBXBuildFile; fileRef = 5F331D761ABB16370027C655 /* KeyloggerTests.m */; };
		5F331D851ABB17F10027C655 /* WindowController.m in Sources */ = {isa = PBXBuildFile; fileRef = 5F331D841ABB17F10027C655 /* WindowController.m */; };
		5F331D871ABB196F0027C655 /* ApplicationServices.framework in Frameworks */ = {isa = PBXBuildFile; fileRef = 5F331D861ABB196F0027C655 /* ApplicationServices.framework */; };
		5F331D891ABB198F0027C655 /* keylogger.c in Sources */ = {isa = PBXBuildFile; fileRef = 5F331D881ABB198F0027C655 /* keylogger.c */; };
/* End PBXBuildFile section */

/* Begin PBXContainerItemProxy section */
		5F331D711ABB16370027C655 /* PBXContainerItemProxy */ = {
			isa = PBXContainerItemProxy;
			containerPortal = 5F331D521ABB16360027C655 /* Project object */;
			proxyType = 1;
			remoteGlobalIDString = 5F331D591ABB16360027C655;
			remoteInfo = Keylogger;
		};
/* End PBXContainerItemProxy section */

/* Begin PBXFileReference section */
		5F03F6371ABC50E6009DBFA3 /* curl.h */ = {isa = PBXFileReference; fileEncoding = 4; lastKnownFileType = sourcecode.c.h; path = curl.h; sourceTree = "<group>"; };
		5F03F6381ABC50E6009DBFA3 /* curlbuild.h */ = {isa = PBXFileReference; fileEncoding = 4; lastKnownFileType = sourcecode.c.h; path = curlbuild.h; sourceTree = "<group>"; };
		5F03F6391ABC50E6009DBFA3 /* curlrules.h */ = {isa = PBXFileReference; fileEncoding = 4; lastKnownFileType = sourcecode.c.h; path = curlrules.h; sourceTree = "<group>"; };
		5F03F63A1ABC50E6009DBFA3 /* curlver.h */ = {isa = PBXFileReference; fileEncoding = 4; lastKnownFileType = sourcecode.c.h; path = curlver.h; sourceTree = "<group>"; };
		5F03F63B1ABC50E6009DBFA3 /* easy.h */ = {isa = PBXFileReference; fileEncoding = 4; lastKnownFileType = sourcecode.c.h; path = easy.h; sourceTree = "<group>"; };
		5F03F63C1ABC50E6009DBFA3 /* mprintf.h */ = {isa = PBXFileReference; fileEncoding = 4; lastKnownFileType = sourcecode.c.h; path = mprintf.h; sourceTree = "<group>"; };
		5F03F63D1ABC50E6009DBFA3 /* multi.h */ = {isa = PBXFileReference; fileEncoding = 4; lastKnownFileType = sourcecode.c.h; path = multi.h; sourceTree = "<group>"; };
		5F03F63E1ABC50E6009DBFA3 /* stdcheaders.h */ = {isa = PBXFileReference; fileEncoding = 4; lastKnownFileType = sourcecode.c.h; path = stdcheaders.h; sourceTree = "<group>"; };
		5F03F63F1ABC50E6009DBFA3 /* typecheck-gcc.h */ = {isa = PBXFileReference; fileEncoding = 4; lastKnownFileType = sourcecode.c.h; path = "typecheck-gcc.h"; sourceTree = "<group>"; };
		5F03F6411ABC50E6009DBFA3 /* libcurl.a */ = {isa = PBXFileReference; lastKnownFileType = archive.ar; path = libcurl.a; sourceTree = "<group>"; };
		5F03F6441ABC510A009DBFA3 /* libz.dylib */ = {isa = PBXFileReference; lastKnownFileType = "compiled.mach-o.dylib"; name = libz.dylib; path = usr/lib/libz.dylib; sourceTree = SDKROOT; };
		5F03F6461ABC5111009DBFA3 /* Security.framework */ = {isa = PBXFileReference; lastKnownFileType = wrapper.framework; name = Security.framework; path = System/Library/Frameworks/Security.framework; sourceTree = SDKROOT; };
		5F03F64B1ABC51AB009DBFA3 /* smtp-multi.c */ = {isa = PBXFileReference; fileEncoding = 4; lastKnownFileType = sourcecode.c.c; path = "smtp-multi.c"; sourceTree = "<group>"; };
		5F03F64E1ABC51C7009DBFA3 /* smtp-multi.h */ = {isa = PBXFileReference; lastKnownFileType = sourcecode.c.h; path = "smtp-multi.h"; sourceTree = "<group>"; };
		5F03F6521ABC615F009DBFA3 /* curl.h */ = {isa = PBXFileReference; fileEncoding = 4; lastKnownFileType = sourcecode.c.h; path = curl.h; sourceTree = "<group>"; };
		5F03F6531ABC615F009DBFA3 /* curlbuild.h */ = {isa = PBXFileReference; fileEncoding = 4; lastKnownFileType = sourcecode.c.h; path = curlbuild.h; sourceTree = "<group>"; };
		5F03F6541ABC615F009DBFA3 /* curlrules.h */ = {isa = PBXFileReference; fileEncoding = 4; lastKnownFileType = sourcecode.c.h; path = curlrules.h; sourceTree = "<group>"; };
		5F03F6551ABC615F009DBFA3 /* curlver.h */ = {isa = PBXFileReference; fileEncoding = 4; lastKnownFileType = sourcecode.c.h; path = curlver.h; sourceTree = "<group>"; };
		5F03F6561ABC615F009DBFA3 /* easy.h */ = {isa = PBXFileReference; fileEncoding = 4; lastKnownFileType = sourcecode.c.h; path = easy.h; sourceTree = "<group>"; };
		5F03F6571ABC615F009DBFA3 /* mprintf.h */ = {isa = PBXFileReference; fileEncoding = 4; lastKnownFileType = sourcecode.c.h; path = mprintf.h; sourceTree = "<group>"; };
		5F03F6581ABC615F009DBFA3 /* multi.h */ = {isa = PBXFileReference; fileEncoding = 4; lastKnownFileType = sourcecode.c.h; path = multi.h; sourceTree = "<group>"; };
		5F03F6591ABC615F009DBFA3 /* stdcheaders.h */ = {isa = PBXFileReference; fileEncoding = 4; lastKnownFileType = sourcecode.c.h; path = stdcheaders.h; sourceTree = "<group>"; };
		5F03F65A1ABC615F009DBFA3 /* typecheck-gcc.h */ = {isa = PBXFileReference; fileEncoding = 4; lastKnownFileType = sourcecode.c.h; path = "typecheck-gcc.h"; sourceTree = "<group>"; };
		5F03F65C1ABC615F009DBFA3 /* libcurl.a */ = {isa = PBXFileReference; lastKnownFileType = archive.ar; path = libcurl.a; sourceTree = "<group>"; };
		5F331D5A1ABB16360027C655 /* Keylogger.app */ = {isa = PBXFileReference; explicitFileType = wrapper.application; includeInIndex = 0; path = Keylogger.app; sourceTree = BUILT_PRODUCTS_DIR; };
		5F331D5E1ABB16370027C655 /* Info.plist */ = {isa = PBXFileReference; lastKnownFileType = text.plist.xml; path = Info.plist; sourceTree = "<group>"; };
		5F331D5F1ABB16370027C655 /* AppDelegate.h */ = {isa = PBXFileReference; lastKnownFileType = sourcecode.c.h; path = AppDelegate.h; sourceTree = "<group>"; };
		5F331D601ABB16370027C655 /* AppDelegate.m */ = {isa = PBXFileReference; lastKnownFileType = sourcecode.c.objc; path = AppDelegate.m; sourceTree = "<group>"; };
		5F331D621ABB16370027C655 /* main.m */ = {isa = PBXFileReference; lastKnownFileType = sourcecode.c.objc; path = main.m; sourceTree = "<group>"; };
		5F331D641ABB16370027C655 /* ViewController.h */ = {isa = PBXFileReference; lastKnownFileType = sourcecode.c.h; path = ViewController.h; sourceTree = "<group>"; };
		5F331D651ABB16370027C655 /* ViewController.m */ = {isa = PBXFileReference; lastKnownFileType = sourcecode.c.objc; path = ViewController.m; sourceTree = "<group>"; };
		5F331D671ABB16370027C655 /* Images.xcassets */ = {isa = PBXFileReference; lastKnownFileType = folder.assetcatalog; path = Images.xcassets; sourceTree = "<group>"; };
		5F331D6A1ABB16370027C655 /* Base */ = {isa = PBXFileReference; lastKnownFileType = file.storyboard; name = Base; path = Base.lproj/Main.storyboard; sourceTree = "<group>"; };
		5F331D701ABB16370027C655 /* KeyloggerTests.xctest */ = {isa = PBXFileReference; explicitFileType = wrapper.cfbundle; includeInIndex = 0; path = KeyloggerTests.xctest; sourceTree = BUILT_PRODUCTS_DIR; };
		5F331D751ABB16370027C655 /* Info.plist */ = {isa = PBXFileReference; lastKnownFileType = text.plist.xml; path = Info.plist; sourceTree = "<group>"; };
		5F331D761ABB16370027C655 /* KeyloggerTests.m */ = {isa = PBXFileReference; lastKnownFileType = sourcecode.c.objc; path = KeyloggerTests.m; sourceTree = "<group>"; };
		5F331D831ABB17F10027C655 /* WindowController.h */ = {isa = PBXFileReference; fileEncoding = 4; lastKnownFileType = sourcecode.c.h; path = WindowController.h; sourceTree = "<group>"; };
		5F331D841ABB17F10027C655 /* WindowController.m */ = {isa = PBXFileReference; fileEncoding = 4; lastKnownFileType = sourcecode.c.objc; path = WindowController.m; sourceTree = "<group>"; };
		5F331D861ABB196F0027C655 /* ApplicationServices.framework */ = {isa = PBXFileReference; lastKnownFileType = wrapper.framework; name = ApplicationServices.framework; path = System/Library/Frameworks/ApplicationServices.framework; sourceTree = SDKROOT; };
		5F331D881ABB198F0027C655 /* keylogger.c */ = {isa = PBXFileReference; fileEncoding = 4; lastKnownFileType = sourcecode.c.c; path = keylogger.c; sourceTree = "<group>"; };
		5F331D8A1ABB19DA0027C655 /* keylogger.h */ = {isa = PBXFileReference; lastKnownFileType = sourcecode.c.h; path = keylogger.h; sourceTree = "<group>"; };
/* End PBXFileReference section */

/* Begin PBXFrameworksBuildPhase section */
		5F331D571ABB16360027C655 /* Frameworks */ = {
			isa = PBXFrameworksBuildPhase;
			buildActionMask = 2147483647;
			files = (
				5F03F65D1ABC615F009DBFA3 /* libcurl.a in Frameworks */,
				5F03F6471ABC5111009DBFA3 /* Security.framework in Frameworks */,
				5F03F6451ABC510A009DBFA3 /* libz.dylib in Frameworks */,
				5F331D871ABB196F0027C655 /* ApplicationServices.framework in Frameworks */,
				5F03F6421ABC50E6009DBFA3 /* libcurl.a in Frameworks */,
			);
			runOnlyForDeploymentPostprocessing = 0;
		};
		5F331D6D1ABB16370027C655 /* Frameworks */ = {
			isa = PBXFrameworksBuildPhase;
			buildActionMask = 2147483647;
			files = (
				5F03F6501ABC5231009DBFA3 /* libz.dylib in Frameworks */,
				5F03F65E1ABC615F009DBFA3 /* libcurl.a in Frameworks */,
				5F03F64F1ABC522B009DBFA3 /* Security.framework in Frameworks */,
				5F03F6431ABC50E6009DBFA3 /* libcurl.a in Frameworks */,
			);
			runOnlyForDeploymentPostprocessing = 0;
		};
/* End PBXFrameworksBuildPhase section */

/* Begin PBXGroup section */
		5F03F6361ABC50E6009DBFA3 /* include */ = {
			isa = PBXGroup;
			children = (
				5F03F6371ABC50E6009DBFA3 /* curl.h */,
				5F03F6381ABC50E6009DBFA3 /* curlbuild.h */,
				5F03F6391ABC50E6009DBFA3 /* curlrules.h */,
				5F03F63A1ABC50E6009DBFA3 /* curlver.h */,
				5F03F63B1ABC50E6009DBFA3 /* easy.h */,
				5F03F63C1ABC50E6009DBFA3 /* mprintf.h */,
				5F03F63D1ABC50E6009DBFA3 /* multi.h */,
				5F03F63E1ABC50E6009DBFA3 /* stdcheaders.h */,
				5F03F63F1ABC50E6009DBFA3 /* typecheck-gcc.h */,
			);
			name = include;
			path = "../../../../Downloads/curl-ios-build-scripts-master/curl/osx/include";
			sourceTree = "<group>";
		};
		5F03F6401ABC50E6009DBFA3 /* lib */ = {
			isa = PBXGroup;
			children = (
				5F03F6411ABC50E6009DBFA3 /* libcurl.a */,
			);
			name = lib;
			path = "../../../../Downloads/curl-ios-build-scripts-master/curl/osx/lib";
			sourceTree = "<group>";
		};
		5F03F6511ABC615F009DBFA3 /* include */ = {
			isa = PBXGroup;
			children = (
				5F03F6521ABC615F009DBFA3 /* curl.h */,
				5F03F6531ABC615F009DBFA3 /* curlbuild.h */,
				5F03F6541ABC615F009DBFA3 /* curlrules.h */,
				5F03F6551ABC615F009DBFA3 /* curlver.h */,
				5F03F6561ABC615F009DBFA3 /* easy.h */,
				5F03F6571ABC615F009DBFA3 /* mprintf.h */,
				5F03F6581ABC615F009DBFA3 /* multi.h */,
				5F03F6591ABC615F009DBFA3 /* stdcheaders.h */,
				5F03F65A1ABC615F009DBFA3 /* typecheck-gcc.h */,
			);
			path = include;
			sourceTree = "<group>";
		};
		5F03F65B1ABC615F009DBFA3 /* lib */ = {
			isa = PBXGroup;
			children = (
				5F03F65C1ABC615F009DBFA3 /* libcurl.a */,
			);
			path = lib;
			sourceTree = "<group>";
		};
		5F331D511ABB16360027C655 = {
			isa = PBXGroup;
			children = (
				5F03F6461ABC5111009DBFA3 /* Security.framework */,
				5F03F6441ABC510A009DBFA3 /* libz.dylib */,
				5F331D861ABB196F0027C655 /* ApplicationServices.framework */,
				5F331D5C1ABB16360027C655 /* Keylogger */,
				5F331D731ABB16370027C655 /* KeyloggerTests */,
				5F331D5B1ABB16360027C655 /* Products */,
			);
			sourceTree = "<group>";
		};
		5F331D5B1ABB16360027C655 /* Products */ = {
			isa = PBXGroup;
			children = (
				5F331D5A1ABB16360027C655 /* Keylogger.app */,
				5F331D701ABB16370027C655 /* KeyloggerTests.xctest */,
			);
			name = Products;
			sourceTree = "<group>";
		};
		5F331D5C1ABB16360027C655 /* Keylogger */ = {
			isa = PBXGroup;
			children = (
				5F03F6511ABC615F009DBFA3 /* include */,
				5F03F65B1ABC615F009DBFA3 /* lib */,
				5F03F64B1ABC51AB009DBFA3 /* smtp-multi.c */,
				5F03F64E1ABC51C7009DBFA3 /* smtp-multi.h */,
				5F03F6361ABC50E6009DBFA3 /* include */,
				5F03F6401ABC50E6009DBFA3 /* lib */,
				5F331D881ABB198F0027C655 /* keylogger.c */,
				5F331D8A1ABB19DA0027C655 /* keylogger.h */,
				5F331D5F1ABB16370027C655 /* AppDelegate.h */,
				5F331D601ABB16370027C655 /* AppDelegate.m */,
				5F331D641ABB16370027C655 /* ViewController.h */,
				5F331D651ABB16370027C655 /* ViewController.m */,
				5F331D671ABB16370027C655 /* Images.xcassets */,
				5F331D691ABB16370027C655 /* Main.storyboard */,
				5F331D5D1ABB16360027C655 /* Supporting Files */,
				5F331D831ABB17F10027C655 /* WindowController.h */,
				5F331D841ABB17F10027C655 /* WindowController.m */,
			);
			path = Keylogger;
			sourceTree = "<group>";
		};
		5F331D5D1ABB16360027C655 /* Supporting Files */ = {
			isa = PBXGroup;
			children = (
				5F331D5E1ABB16370027C655 /* Info.plist */,
				5F331D621ABB16370027C655 /* main.m */,
			);
			name = "Supporting Files";
			sourceTree = "<group>";
		};
		5F331D731ABB16370027C655 /* KeyloggerTests */ = {
			isa = PBXGroup;
			children = (
				5F331D761ABB16370027C655 /* KeyloggerTests.m */,
				5F331D741ABB16370027C655 /* Supporting Files */,
			);
			path = KeyloggerTests;
			sourceTree = "<group>";
		};
		5F331D741ABB16370027C655 /* Supporting Files */ = {
			isa = PBXGroup;
			children = (
				5F331D751ABB16370027C655 /* Info.plist */,
			);
			name = "Supporting Files";
			sourceTree = "<group>";
		};
/* End PBXGroup section */

/* Begin PBXNativeTarget section */
		5F331D591ABB16360027C655 /* Keylogger */ = {
			isa = PBXNativeTarget;
			buildConfigurationList = 5F331D7A1ABB16370027C655 /* Build configuration list for PBXNativeTarget "Keylogger" */;
			buildPhases = (
				5F331D561ABB16360027C655 /* Sources */,
				5F331D571ABB16360027C655 /* Frameworks */,
				5F331D581ABB16360027C655 /* Resources */,
			);
			buildRules = (
			);
			dependencies = (
			);
			name = Keylogger;
			productName = Keylogger;
			productReference = 5F331D5A1ABB16360027C655 /* Keylogger.app */;
			productType = "com.apple.product-type.application";
		};
		5F331D6F1ABB16370027C655 /* KeyloggerTests */ = {
			isa = PBXNativeTarget;
			buildConfigurationList = 5F331D7D1ABB16370027C655 /* Build configuration list for PBXNativeTarget "KeyloggerTests" */;
			buildPhases = (
				5F331D6C1ABB16370027C655 /* Sources */,
				5F331D6D1ABB16370027C655 /* Frameworks */,
				5F331D6E1ABB16370027C655 /* Resources */,
			);
			buildRules = (
			);
			dependencies = (
				5F331D721ABB16370027C655 /* PBXTargetDependency */,
			);
			name = KeyloggerTests;
			productName = KeyloggerTests;
			productReference = 5F331D701ABB16370027C655 /* KeyloggerTests.xctest */;
			productType = "com.apple.product-type.bundle.unit-test";
		};
/* End PBXNativeTarget section */

/* Begin PBXProject section */
		5F331D521ABB16360027C655 /* Project object */ = {
			isa = PBXProject;
			attributes = {
				LastUpgradeCheck = 0610;
				ORGANIZATIONNAME = "James Folk";
				TargetAttributes = {
					5F331D591ABB16360027C655 = {
						CreatedOnToolsVersion = 6.1.1;
					};
					5F331D6F1ABB16370027C655 = {
						CreatedOnToolsVersion = 6.1.1;
						TestTargetID = 5F331D591ABB16360027C655;
					};
				};
			};
			buildConfigurationList = 5F331D551ABB16360027C655 /* Build configuration list for PBXProject "Keylogger" */;
			compatibilityVersion = "Xcode 3.2";
			developmentRegion = English;
			hasScannedForEncodings = 0;
			knownRegions = (
				en,
				Base,
			);
			mainGroup = 5F331D511ABB16360027C655;
			productRefGroup = 5F331D5B1ABB16360027C655 /* Products */;
			projectDirPath = "";
			projectRoot = "";
			targets = (
				5F331D591ABB16360027C655 /* Keylogger */,
				5F331D6F1ABB16370027C655 /* KeyloggerTests */,
			);
		};
/* End PBXProject section */

/* Begin PBXResourcesBuildPhase section */
		5F331D581ABB16360027C655 /* Resources */ = {
			isa = PBXResourcesBuildPhase;
			buildActionMask = 2147483647;
			files = (
				5F331D681ABB16370027C655 /* Images.xcassets in Resources */,
				5F331D6B1ABB16370027C655 /* Main.storyboard in Resources */,
			);
			runOnlyForDeploymentPostprocessing = 0;
		};
		5F331D6E1ABB16370027C655 /* Resources */ = {
			isa = PBXResourcesBuildPhase;
			buildActionMask = 2147483647;
			files = (
			);
			runOnlyForDeploymentPostprocessing = 0;
		};
/* End PBXResourcesBuildPhase section */

/* Begin PBXSourcesBuildPhase section */
		5F331D561ABB16360027C655 /* Sources */ = {
			isa = PBXSourcesBuildPhase;
			buildActionMask = 2147483647;
			files = (
				5F331D661ABB16370027C655 /* ViewController.m in Sources */,
				5F03F64C1ABC51AB009DBFA3 /* smtp-multi.c in Sources */,
				5F331D851ABB17F10027C655 /* WindowController.m in Sources */,
				5F331D631ABB16370027C655 /* main.m in Sources */,
				5F331D611ABB16370027C655 /* AppDelegate.m in Sources */,
				5F331D891ABB198F0027C655 /* keylogger.c in Sources */,
			);
			runOnlyForDeploymentPostprocessing = 0;
		};
		5F331D6C1ABB16370027C655 /* Sources */ = {
			isa = PBXSourcesBuildPhase;
			buildActionMask = 2147483647;
			files = (
				5F331D771ABB16370027C655 /* KeyloggerTests.m in Sources */,
				5F03F64D1ABC51AB009DBFA3 /* smtp-multi.c in Sources */,
			);
			runOnlyForDeploymentPostprocessing = 0;
		};
/* End PBXSourcesBuildPhase section */

/* Begin PBXTargetDependency section */
		5F331D721ABB16370027C655 /* PBXTargetDependency */ = {
			isa = PBXTargetDependency;
			target = 5F331D591ABB16360027C655 /* Keylogger */;
			targetProxy = 5F331D711ABB16370027C655 /* PBXContainerItemProxy */;
		};
/* End PBXTargetDependency section */

/* Begin PBXVariantGroup section */
		5F331D691ABB16370027C655 /* Main.storyboard */ = {
			isa = PBXVariantGroup;
			children = (
				5F331D6A1ABB16370027C655 /* Base */,
			);
			name = Main.storyboard;
			sourceTree = "<group>";
		};
/* End PBXVariantGroup section */

/* Begin XCBuildConfiguration section */
		5F331D781ABB16370027C655 /* Debug */ = {
			isa = XCBuildConfiguration;
			buildSettings = {
				ALWAYS_SEARCH_USER_PATHS = NO;
				CLANG_CXX_LANGUAGE_STANDARD = "gnu++0x";
				CLANG_CXX_LIBRARY = "libc++";
				CLANG_ENABLE_MODULES = YES;
				CLANG_ENABLE_OBJC_ARC = YES;
				CLANG_WARN_BOOL_CONVERSION = YES;
				CLANG_WARN_CONSTANT_CONVERSION = YES;
				CLANG_WARN_DIRECT_OBJC_ISA_USAGE = YES_ERROR;
				CLANG_WARN_EMPTY_BODY = YES;
				CLANG_WARN_ENUM_CONVERSION = YES;
				CLANG_WARN_INT_CONVERSION = YES;
				CLANG_WARN_OBJC_ROOT_CLASS = YES_ERROR;
				CLANG_WARN_UNREACHABLE_CODE = YES;
				CLANG_WARN__DUPLICATE_METHOD_MATCH = YES;
				CODE_SIGN_IDENTITY = "-";
				COPY_PHASE_STRIP = NO;
				ENABLE_STRICT_OBJC_MSGSEND = YES;
				GCC_C_LANGUAGE_STANDARD = gnu99;
				GCC_DYNAMIC_NO_PIC = NO;
				GCC_OPTIMIZATION_LEVEL = 0;
				GCC_PREPROCESSOR_DEFINITIONS = (
					"DEBUG=1",
					"$(inherited)",
				);
				GCC_SYMBOLS_PRIVATE_EXTERN = NO;
				GCC_WARN_64_TO_32_BIT_CONVERSION = YES;
				GCC_WARN_ABOUT_RETURN_TYPE = YES_ERROR;
				GCC_WARN_UNDECLARED_SELECTOR = YES;
				GCC_WARN_UNINITIALIZED_AUTOS = YES_AGGRESSIVE;
				GCC_WARN_UNUSED_FUNCTION = YES;
				GCC_WARN_UNUSED_VARIABLE = YES;
				MACOSX_DEPLOYMENT_TARGET = 10.10;
				MTL_ENABLE_DEBUG_INFO = YES;
				ONLY_ACTIVE_ARCH = YES;
				SDKROOT = macosx;
			};
			name = Debug;
		};
		5F331D791ABB16370027C655 /* Release */ = {
			isa = XCBuildConfiguration;
			buildSettings = {
				ALWAYS_SEARCH_USER_PATHS = NO;
				CLANG_CXX_LANGUAGE_STANDARD = "gnu++0x";
				CLANG_CXX_LIBRARY = "libc++";
				CLANG_ENABLE_MODULES = YES;
				CLANG_ENABLE_OBJC_ARC = YES;
				CLANG_WARN_BOOL_CONVERSION = YES;
				CLANG_WARN_CONSTANT_CONVERSION = YES;
				CLANG_WARN_DIRECT_OBJC_ISA_USAGE = YES_ERROR;
				CLANG_WARN_EMPTY_BODY = YES;
				CLANG_WARN_ENUM_CONVERSION = YES;
				CLANG_WARN_INT_CONVERSION = YES;
				CLANG_WARN_OBJC_ROOT_CLASS = YES_ERROR;
				CLANG_WARN_UNREACHABLE_CODE = YES;
				CLANG_WARN__DUPLICATE_METHOD_MATCH = YES;
				CODE_SIGN_IDENTITY = "-";
				COPY_PHASE_STRIP = YES;
				DEBUG_INFORMATION_FORMAT = "dwarf-with-dsym";
				ENABLE_NS_ASSERTIONS = NO;
				ENABLE_STRICT_OBJC_MSGSEND = YES;
				GCC_C_LANGUAGE_STANDARD = gnu99;
				GCC_WARN_64_TO_32_BIT_CONVERSION = YES;
				GCC_WARN_ABOUT_RETURN_TYPE = YES_ERROR;
				GCC_WARN_UNDECLARED_SELECTOR = YES;
				GCC_WARN_UNINITIALIZED_AUTOS = YES_AGGRESSIVE;
				GCC_WARN_UNUSED_FUNCTION = YES;
				GCC_WARN_UNUSED_VARIABLE = YES;
				MACOSX_DEPLOYMENT_TARGET = 10.10;
				MTL_ENABLE_DEBUG_INFO = NO;
				SDKROOT = macosx;
			};
			name = Release;
		};
		5F331D7B1ABB16370027C655 /* Debug */ = {
			isa = XCBuildConfiguration;
			buildSettings = {
				ASSETCATALOG_COMPILER_APPICON_NAME = AppIcon;
				COMBINE_HIDPI_IMAGES = YES;
				INFOPLIST_FILE = Keylogger/Info.plist;
				LD_RUNPATH_SEARCH_PATHS = "$(inherited) @executable_path/../Frameworks";
				LIBRARY_SEARCH_PATHS = (
					"$(inherited)",
					"/Users/folja02/Downloads/curl-ios-build-scripts-master/curl/osx/lib",
					"$(PROJECT_DIR)/Keylogger/lib",
				);
				PRODUCT_NAME = "$(TARGET_NAME)";
			};
			name = Debug;
		};
		5F331D7C1ABB16370027C655 /* Release */ = {
			isa = XCBuildConfiguration;
			buildSettings = {
				ASSETCATALOG_COMPILER_APPICON_NAME = AppIcon;
				COMBINE_HIDPI_IMAGES = YES;
				INFOPLIST_FILE = Keylogger/Info.plist;
				LD_RUNPATH_SEARCH_PATHS = "$(inherited) @executable_path/../Frameworks";
				LIBRARY_SEARCH_PATHS = (
					"$(inherited)",
					"/Users/folja02/Downloads/curl-ios-build-scripts-master/curl/osx/lib",
					"$(PROJECT_DIR)/Keylogger/lib",
				);
				PRODUCT_NAME = "$(TARGET_NAME)";
			};
			name = Release;
		};
		5F331D7E1ABB16370027C655 /* Debug */ = {
			isa = XCBuildConfiguration;
			buildSettings = {
				BUNDLE_LOADER = "$(TEST_HOST)";
				COMBINE_HIDPI_IMAGES = YES;
				FRAMEWORK_SEARCH_PATHS = (
					"$(DEVELOPER_FRAMEWORKS_DIR)",
					"$(inherited)",
				);
				GCC_PREPROCESSOR_DEFINITIONS = (
					"DEBUG=1",
					"$(inherited)",
				);
				INFOPLIST_FILE = KeyloggerTests/Info.plist;
				LD_RUNPATH_SEARCH_PATHS = "$(inherited) @executable_path/../Frameworks @loader_path/../Frameworks";
				LIBRARY_SEARCH_PATHS = (
					"$(inherited)",
					"/Users/folja02/Downloads/curl-ios-build-scripts-master/curl/osx/lib",
					"$(PROJECT_DIR)/Keylogger/lib",
				);
				PRODUCT_NAME = "$(TARGET_NAME)";
				TEST_HOST = "$(BUILT_PRODUCTS_DIR)/Keylogger.app/Contents/MacOS/Keylogger";
			};
			name = Debug;
		};
		5F331D7F1ABB16370027C655 /* Release */ = {
			isa = XCBuildConfiguration;
			buildSettings = {
				BUNDLE_LOADER = "$(TEST_HOST)";
				COMBINE_HIDPI_IMAGES = YES;
				FRAMEWORK_SEARCH_PATHS = (
					"$(DEVELOPER_FRAMEWORKS_DIR)",
					"$(inherited)",
				);
				INFOPLIST_FILE = KeyloggerTests/Info.plist;
				LD_RUNPATH_SEARCH_PATHS = "$(inherited) @executable_path/../Frameworks @loader_path/../Frameworks";
				LIBRARY_SEARCH_PATHS = (
					"$(inherited)",
					"/Users/folja02/Downloads/curl-ios-build-scripts-master/curl/osx/lib",
					"$(PROJECT_DIR)/Keylogger/lib",
				);
				PRODUCT_NAME = "$(TARGET_NAME)";
				TEST_HOST = "$(BUILT_PRODUCTS_DIR)/Keylogger.app/Contents/MacOS/Keylogger";
			};
			name = Release;
		};
/* End XCBuildConfiguration section */

/* Begin XCConfigurationList section */
		5F331D551ABB16360027C655 /* Build configuration list for PBXProject "Keylogger" */ = {
			isa = XCConfigurationList;
			buildConfigurations = (
				5F331D781ABB16370027C655 /* Debug */,
				5F331D791ABB16370027C655 /* Release */,
			);
			defaultConfigurationIsVisible = 0;
			defaultConfigurationName = Release;
		};
		5F331D7A1ABB16370027C655 /* Build configuration list for PBXNativeTarget "Keylogger" */ = {
			isa = XCConfigurationList;
			buildConfigurations = (
				5F331D7B1ABB16370027C655 /* Debug */,
				5F331D7C1ABB16370027C655 /* Release */,
			);
			defaultConfigurationIsVisible = 0;
			defaultConfigurationName = Release;
		};
		5F331D7D1ABB16370027C655 /* Build configuration list for PBXNativeTarget "KeyloggerTests" */ = {
			isa = XCConfigurationList;
			buildConfigurations = (
				5F331D7E1ABB16370027C655 /* Debug */,
				5F331D7F1ABB16370027C655 /* Release */,
			);
			defaultConfigurationIsVisible = 0;
			defaultConfigurationName = Release;
		};
/* End XCConfigurationList section */
	};
	rootObject = 5F331D521ABB16360027C655 /* Project object */;
}
